// !$*UTF8*$!
{
	archiveVersion = 1;
	classes = {
	};
	objectVersion = 46;
	objects = {

/* Begin PBXBuildFile section */
		3B6B41621E01F0C6007AB41E /* TaskListVC.swift in Sources */ = {isa = PBXBuildFile; fileRef = 3B6B41611E01F0C6007AB41E /* TaskListVC.swift */; };
		3B6B41641E01F19C007AB41E /* TaskCell.swift in Sources */ = {isa = PBXBuildFile; fileRef = 3B6B41631E01F19C007AB41E /* TaskCell.swift */; };
		3B6B41661E0243BB007AB41E /* Task.swift in Sources */ = {isa = PBXBuildFile; fileRef = 3B6B41651E0243BB007AB41E /* Task.swift */; };
		3BD4E5A41DFF3ADB00619C39 /* AppDelegate.swift in Sources */ = {isa = PBXBuildFile; fileRef = 3BD4E5A31DFF3ADB00619C39 /* AppDelegate.swift */; };
		3BD4E5A61DFF3ADB00619C39 /* MainListVC.swift in Sources */ = {isa = PBXBuildFile; fileRef = 3BD4E5A51DFF3ADB00619C39 /* MainListVC.swift */; };
		3BD4E5A91DFF3ADB00619C39 /* Main.storyboard in Resources */ = {isa = PBXBuildFile; fileRef = 3BD4E5A71DFF3ADB00619C39 /* Main.storyboard */; };
		3BD4E5AB1DFF3ADB00619C39 /* Assets.xcassets in Resources */ = {isa = PBXBuildFile; fileRef = 3BD4E5AA1DFF3ADB00619C39 /* Assets.xcassets */; };
		3BD4E5AE1DFF3ADB00619C39 /* LaunchScreen.storyboard in Resources */ = {isa = PBXBuildFile; fileRef = 3BD4E5AC1DFF3ADB00619C39 /* LaunchScreen.storyboard */; };
		3BD4E5B91DFF3BEC00619C39 /* GoogleService-Info.plist in Resources */ = {isa = PBXBuildFile; fileRef = 3BD4E5B81DFF3BEC00619C39 /* GoogleService-Info.plist */; };
		3BD4E5BB1DFF3D7700619C39 /* SignInVC.swift in Sources */ = {isa = PBXBuildFile; fileRef = 3BD4E5BA1DFF3D7700619C39 /* SignInVC.swift */; };
		3BD4E5BF1DFF3E0A00619C39 /* Constants.swift in Sources */ = {isa = PBXBuildFile; fileRef = 3BD4E5BE1DFF3E0A00619C39 /* Constants.swift */; };
		3BD4E5C41DFF48D300619C39 /* SingleBorderBottom.swift in Sources */ = {isa = PBXBuildFile; fileRef = 3BD4E5C31DFF48D300619C39 /* SingleBorderBottom.swift */; };
		3BD4E5C61DFF4F0200619C39 /* SignUpVC.swift in Sources */ = {isa = PBXBuildFile; fileRef = 3BD4E5C51DFF4F0200619C39 /* SignUpVC.swift */; };
		3BD4E5C81DFF51E900619C39 /* DataService.swift in Sources */ = {isa = PBXBuildFile; fileRef = 3BD4E5C71DFF51E900619C39 /* DataService.swift */; };
		3BD4E5CA1E0093C100619C39 /* ListCell.swift in Sources */ = {isa = PBXBuildFile; fileRef = 3BD4E5C91E0093C100619C39 /* ListCell.swift */; };
		3BD4E5CC1E00942600619C39 /* List.swift in Sources */ = {isa = PBXBuildFile; fileRef = 3BD4E5CB1E00942600619C39 /* List.swift */; };
		423A74816D40863FF806EB40 /* Pods_lstr.framework in Frameworks */ = {isa = PBXBuildFile; fileRef = 5115E178C3C1DFCD1612318E /* Pods_lstr.framework */; };
/* End PBXBuildFile section */

/* Begin PBXFileReference section */
		1504E43F3858CCF0D87883C6 /* Pods-lstr.debug.xcconfig */ = {isa = PBXFileReference; includeInIndex = 1; lastKnownFileType = text.xcconfig; name = "Pods-lstr.debug.xcconfig"; path = "Pods/Target Support Files/Pods-lstr/Pods-lstr.debug.xcconfig"; sourceTree = "<group>"; };
		3B6B41611E01F0C6007AB41E /* TaskListVC.swift */ = {isa = PBXFileReference; fileEncoding = 4; lastKnownFileType = sourcecode.swift; path = TaskListVC.swift; sourceTree = "<group>"; };
		3B6B41631E01F19C007AB41E /* TaskCell.swift */ = {isa = PBXFileReference; fileEncoding = 4; lastKnownFileType = sourcecode.swift; path = TaskCell.swift; sourceTree = "<group>"; };
		3B6B41651E0243BB007AB41E /* Task.swift */ = {isa = PBXFileReference; fileEncoding = 4; lastKnownFileType = sourcecode.swift; path = Task.swift; sourceTree = "<group>"; };
		3BD4E5A01DFF3ADB00619C39 /* lstr.app */ = {isa = PBXFileReference; explicitFileType = wrapper.application; includeInIndex = 0; path = lstr.app; sourceTree = BUILT_PRODUCTS_DIR; };
		3BD4E5A31DFF3ADB00619C39 /* AppDelegate.swift */ = {isa = PBXFileReference; lastKnownFileType = sourcecode.swift; path = AppDelegate.swift; sourceTree = "<group>"; };
		3BD4E5A51DFF3ADB00619C39 /* MainListVC.swift */ = {isa = PBXFileReference; lastKnownFileType = sourcecode.swift; path = MainListVC.swift; sourceTree = "<group>"; };
		3BD4E5A81DFF3ADB00619C39 /* Base */ = {isa = PBXFileReference; lastKnownFileType = file.storyboard; name = Base; path = Base.lproj/Main.storyboard; sourceTree = "<group>"; };
		3BD4E5AA1DFF3ADB00619C39 /* Assets.xcassets */ = {isa = PBXFileReference; lastKnownFileType = folder.assetcatalog; path = Assets.xcassets; sourceTree = "<group>"; };
		3BD4E5AD1DFF3ADB00619C39 /* Base */ = {isa = PBXFileReference; lastKnownFileType = file.storyboard; name = Base; path = Base.lproj/LaunchScreen.storyboard; sourceTree = "<group>"; };
		3BD4E5AF1DFF3ADB00619C39 /* Info.plist */ = {isa = PBXFileReference; lastKnownFileType = text.plist.xml; path = Info.plist; sourceTree = "<group>"; };
		3BD4E5B81DFF3BEC00619C39 /* GoogleService-Info.plist */ = {isa = PBXFileReference; fileEncoding = 4; lastKnownFileType = text.plist.xml; path = "GoogleService-Info.plist"; sourceTree = "<group>"; };
		3BD4E5BA1DFF3D7700619C39 /* SignInVC.swift */ = {isa = PBXFileReference; fileEncoding = 4; lastKnownFileType = sourcecode.swift; path = SignInVC.swift; sourceTree = "<group>"; };
		3BD4E5BE1DFF3E0A00619C39 /* Constants.swift */ = {isa = PBXFileReference; fileEncoding = 4; lastKnownFileType = sourcecode.swift; path = Constants.swift; sourceTree = "<group>"; };
		3BD4E5C01DFF3E6300619C39 /* lstr.entitlements */ = {isa = PBXFileReference; lastKnownFileType = text.plist.entitlements; path = lstr.entitlements; sourceTree = "<group>"; };
		3BD4E5C31DFF48D300619C39 /* SingleBorderBottom.swift */ = {isa = PBXFileReference; fileEncoding = 4; lastKnownFileType = sourcecode.swift; path = SingleBorderBottom.swift; sourceTree = "<group>"; };
		3BD4E5C51DFF4F0200619C39 /* SignUpVC.swift */ = {isa = PBXFileReference; fileEncoding = 4; lastKnownFileType = sourcecode.swift; path = SignUpVC.swift; sourceTree = "<group>"; };
		3BD4E5C71DFF51E900619C39 /* DataService.swift */ = {isa = PBXFileReference; fileEncoding = 4; lastKnownFileType = sourcecode.swift; path = DataService.swift; sourceTree = "<group>"; };
		3BD4E5C91E0093C100619C39 /* ListCell.swift */ = {isa = PBXFileReference; fileEncoding = 4; lastKnownFileType = sourcecode.swift; path = ListCell.swift; sourceTree = "<group>"; };
		3BD4E5CB1E00942600619C39 /* List.swift */ = {isa = PBXFileReference; fileEncoding = 4; lastKnownFileType = sourcecode.swift; path = List.swift; sourceTree = "<group>"; };
		5115E178C3C1DFCD1612318E /* Pods_lstr.framework */ = {isa = PBXFileReference; explicitFileType = wrapper.framework; includeInIndex = 0; path = Pods_lstr.framework; sourceTree = BUILT_PRODUCTS_DIR; };
		E5FDF84522A0DF43AAF14879 /* Pods-lstr.release.xcconfig */ = {isa = PBXFileReference; includeInIndex = 1; lastKnownFileType = text.xcconfig; name = "Pods-lstr.release.xcconfig"; path = "Pods/Target Support Files/Pods-lstr/Pods-lstr.release.xcconfig"; sourceTree = "<group>"; };
/* End PBXFileReference section */

/* Begin PBXFrameworksBuildPhase section */
		3BD4E59D1DFF3ADB00619C39 /* Frameworks */ = {
			isa = PBXFrameworksBuildPhase;
			buildActionMask = 2147483647;
			files = (
				423A74816D40863FF806EB40 /* Pods_lstr.framework in Frameworks */,
			);
			runOnlyForDeploymentPostprocessing = 0;
		};
/* End PBXFrameworksBuildPhase section */

/* Begin PBXGroup section */
		0239270E25A92BF8186EA4AB /* Pods */ = {
			isa = PBXGroup;
			children = (
				1504E43F3858CCF0D87883C6 /* Pods-lstr.debug.xcconfig */,
				E5FDF84522A0DF43AAF14879 /* Pods-lstr.release.xcconfig */,
			);
			name = Pods;
			sourceTree = "<group>";
		};
		351EF8EFE5EB0052F6A1005B /* Frameworks */ = {
			isa = PBXGroup;
			children = (
				5115E178C3C1DFCD1612318E /* Pods_lstr.framework */,
			);
			name = Frameworks;
			sourceTree = "<group>";
		};
		3BD4E5971DFF3ADB00619C39 = {
			isa = PBXGroup;
			children = (
				3BD4E5A21DFF3ADB00619C39 /* lstr */,
				3BD4E5A11DFF3ADB00619C39 /* Products */,
				0239270E25A92BF8186EA4AB /* Pods */,
				351EF8EFE5EB0052F6A1005B /* Frameworks */,
			);
			sourceTree = "<group>";
		};
		3BD4E5A11DFF3ADB00619C39 /* Products */ = {
			isa = PBXGroup;
			children = (
				3BD4E5A01DFF3ADB00619C39 /* lstr.app */,
			);
			name = Products;
			sourceTree = "<group>";
		};
		3BD4E5A21DFF3ADB00619C39 /* lstr */ = {
			isa = PBXGroup;
			children = (
				3BD4E5C01DFF3E6300619C39 /* lstr.entitlements */,
				3BD4E5BD1DFF3DFC00619C39 /* Services */,
				3BD4E5BC1DFF3DD200619C39 /* Util */,
				3BD4E5B71DFF3AF200619C39 /* Controller */,
				3BD4E5B61DFF3AED00619C39 /* View */,
				3BD4E5B51DFF3AE700619C39 /* Model */,
				3BD4E5A31DFF3ADB00619C39 /* AppDelegate.swift */,
				3BD4E5A71DFF3ADB00619C39 /* Main.storyboard */,
				3BD4E5AA1DFF3ADB00619C39 /* Assets.xcassets */,
				3BD4E5AC1DFF3ADB00619C39 /* LaunchScreen.storyboard */,
				3BD4E5AF1DFF3ADB00619C39 /* Info.plist */,
				3BD4E5B81DFF3BEC00619C39 /* GoogleService-Info.plist */,
			);
			path = lstr;
			sourceTree = "<group>";
		};
		3BD4E5B51DFF3AE700619C39 /* Model */ = {
			isa = PBXGroup;
			children = (
				3BD4E5CB1E00942600619C39 /* List.swift */,
				3B6B41651E0243BB007AB41E /* Task.swift */,
			);
			name = Model;
			sourceTree = "<group>";
		};
		3BD4E5B61DFF3AED00619C39 /* View */ = {
			isa = PBXGroup;
			children = (
				3BD4E5C31DFF48D300619C39 /* SingleBorderBottom.swift */,
				3BD4E5C91E0093C100619C39 /* ListCell.swift */,
				3B6B41631E01F19C007AB41E /* TaskCell.swift */,
			);
			name = View;
			sourceTree = "<group>";
		};
		3BD4E5B71DFF3AF200619C39 /* Controller */ = {
			isa = PBXGroup;
			children = (
				3BD4E5A51DFF3ADB00619C39 /* MainListVC.swift */,
				3BD4E5BA1DFF3D7700619C39 /* SignInVC.swift */,
				3BD4E5C51DFF4F0200619C39 /* SignUpVC.swift */,
				3B6B41611E01F0C6007AB41E /* TaskListVC.swift */,
			);
			name = Controller;
			sourceTree = "<group>";
		};
		3BD4E5BC1DFF3DD200619C39 /* Util */ = {
			isa = PBXGroup;
			children = (
				3BD4E5BE1DFF3E0A00619C39 /* Constants.swift */,
			);
			name = Util;
			sourceTree = "<group>";
		};
		3BD4E5BD1DFF3DFC00619C39 /* Services */ = {
			isa = PBXGroup;
			children = (
				3BD4E5C71DFF51E900619C39 /* DataService.swift */,
			);
			name = Services;
			sourceTree = "<group>";
		};
/* End PBXGroup section */

/* Begin PBXNativeTarget section */
		3BD4E59F1DFF3ADB00619C39 /* lstr */ = {
			isa = PBXNativeTarget;
			buildConfigurationList = 3BD4E5B21DFF3ADB00619C39 /* Build configuration list for PBXNativeTarget "lstr" */;
			buildPhases = (
				A19655CBF568285E900681D5 /* [CP] Check Pods Manifest.lock */,
				3BD4E59C1DFF3ADB00619C39 /* Sources */,
				3BD4E59D1DFF3ADB00619C39 /* Frameworks */,
				3BD4E59E1DFF3ADB00619C39 /* Resources */,
				CCAF6B8573ADC728B79E7166 /* [CP] Embed Pods Frameworks */,
				E5A516A77FCC0067236F329A /* [CP] Copy Pods Resources */,
			);
			buildRules = (
			);
			dependencies = (
			);
			name = lstr;
			productName = lstr;
			productReference = 3BD4E5A01DFF3ADB00619C39 /* lstr.app */;
			productType = "com.apple.product-type.application";
		};
/* End PBXNativeTarget section */

/* Begin PBXProject section */
		3BD4E5981DFF3ADB00619C39 /* Project object */ = {
			isa = PBXProject;
			attributes = {
				LastSwiftUpdateCheck = 0800;
				LastUpgradeCheck = 0800;
				ORGANIZATIONNAME = "Taylor King";
				TargetAttributes = {
					3BD4E59F1DFF3ADB00619C39 = {
						CreatedOnToolsVersion = 8.0;
						DevelopmentTeam = 2TNDFYS6JC;
						ProvisioningStyle = Automatic;
						SystemCapabilities = {
							com.apple.Keychain = {
								enabled = 1;
							};
						};
					};
				};
			};
			buildConfigurationList = 3BD4E59B1DFF3ADB00619C39 /* Build configuration list for PBXProject "lstr" */;
			compatibilityVersion = "Xcode 3.2";
			developmentRegion = English;
			hasScannedForEncodings = 0;
			knownRegions = (
				en,
				Base,
			);
			mainGroup = 3BD4E5971DFF3ADB00619C39;
			productRefGroup = 3BD4E5A11DFF3ADB00619C39 /* Products */;
			projectDirPath = "";
			projectRoot = "";
			targets = (
				3BD4E59F1DFF3ADB00619C39 /* lstr */,
			);
		};
/* End PBXProject section */

/* Begin PBXResourcesBuildPhase section */
		3BD4E59E1DFF3ADB00619C39 /* Resources */ = {
			isa = PBXResourcesBuildPhase;
			buildActionMask = 2147483647;
			files = (
				3BD4E5AE1DFF3ADB00619C39 /* LaunchScreen.storyboard in Resources */,
				3BD4E5AB1DFF3ADB00619C39 /* Assets.xcassets in Resources */,
				3BD4E5A91DFF3ADB00619C39 /* Main.storyboard in Resources */,
				3BD4E5B91DFF3BEC00619C39 /* GoogleService-Info.plist in Resources */,
			);
			runOnlyForDeploymentPostprocessing = 0;
		};
/* End PBXResourcesBuildPhase section */

/* Begin PBXShellScriptBuildPhase section */
		A19655CBF568285E900681D5 /* [CP] Check Pods Manifest.lock */ = {
			isa = PBXShellScriptBuildPhase;
			buildActionMask = 2147483647;
			files = (
			);
			inputPaths = (
			);
			name = "[CP] Check Pods Manifest.lock";
			outputPaths = (
			);
			runOnlyForDeploymentPostprocessing = 0;
			shellPath = /bin/sh;
			shellScript = "diff \"${PODS_ROOT}/../Podfile.lock\" \"${PODS_ROOT}/Manifest.lock\" > /dev/null\nif [ $? != 0 ] ; then\n    # print error to STDERR\n    echo \"error: The sandbox is not in sync with the Podfile.lock. Run 'pod install' or update your CocoaPods installation.\" >&2\n    exit 1\nfi\n";
			showEnvVarsInLog = 0;
		};
		CCAF6B8573ADC728B79E7166 /* [CP] Embed Pods Frameworks */ = {
			isa = PBXShellScriptBuildPhase;
			buildActionMask = 2147483647;
			files = (
			);
			inputPaths = (
			);
			name = "[CP] Embed Pods Frameworks";
			outputPaths = (
			);
			runOnlyForDeploymentPostprocessing = 0;
			shellPath = /bin/sh;
			shellScript = "\"${SRCROOT}/Pods/Target Support Files/Pods-lstr/Pods-lstr-frameworks.sh\"\n";
			showEnvVarsInLog = 0;
		};
		E5A516A77FCC0067236F329A /* [CP] Copy Pods Resources */ = {
			isa = PBXShellScriptBuildPhase;
			buildActionMask = 2147483647;
			files = (
			);
			inputPaths = (
			);
			name = "[CP] Copy Pods Resources";
			outputPaths = (
			);
			runOnlyForDeploymentPostprocessing = 0;
			shellPath = /bin/sh;
			shellScript = "\"${SRCROOT}/Pods/Target Support Files/Pods-lstr/Pods-lstr-resources.sh\"\n";
			showEnvVarsInLog = 0;
		};
/* End PBXShellScriptBuildPhase section */

/* Begin PBXSourcesBuildPhase section */
		3BD4E59C1DFF3ADB00619C39 /* Sources */ = {
			isa = PBXSourcesBuildPhase;
			buildActionMask = 2147483647;
			files = (
				3BD4E5A61DFF3ADB00619C39 /* MainListVC.swift in Sources */,
				3BD4E5CA1E0093C100619C39 /* ListCell.swift in Sources */,
				3BD4E5C81DFF51E900619C39 /* DataService.swift in Sources */,
				3BD4E5A41DFF3ADB00619C39 /* AppDelegate.swift in Sources */,
				3B6B41661E0243BB007AB41E /* Task.swift in Sources */,
				3BD4E5BB1DFF3D7700619C39 /* SignInVC.swift in Sources */,
				3BD4E5C41DFF48D300619C39 /* SingleBorderBottom.swift in Sources */,
				3BD4E5C61DFF4F0200619C39 /* SignUpVC.swift in Sources */,
				3B6B41641E01F19C007AB41E /* TaskCell.swift in Sources */,
				3BD4E5BF1DFF3E0A00619C39 /* Constants.swift in Sources */,
				3BD4E5CC1E00942600619C39 /* List.swift in Sources */,
				3B6B41621E01F0C6007AB41E /* TaskListVC.swift in Sources */,
			);
			runOnlyForDeploymentPostprocessing = 0;
		};
/* End PBXSourcesBuildPhase section */

/* Begin PBXVariantGroup section */
		3BD4E5A71DFF3ADB00619C39 /* Main.storyboard */ = {
			isa = PBXVariantGroup;
			children = (
				3BD4E5A81DFF3ADB00619C39 /* Base */,
			);
			name = Main.storyboard;
			sourceTree = "<group>";
		};
		3BD4E5AC1DFF3ADB00619C39 /* LaunchScreen.storyboard */ = {
			isa = PBXVariantGroup;
			children = (
				3BD4E5AD1DFF3ADB00619C39 /* Base */,
			);
			name = LaunchScreen.storyboard;
			sourceTree = "<group>";
		};
/* End PBXVariantGroup section */

/* Begin XCBuildConfiguration section */
		3BD4E5B01DFF3ADB00619C39 /* Debug */ = {
			isa = XCBuildConfiguration;
			buildSettings = {
				ALWAYS_SEARCH_USER_PATHS = NO;
				CLANG_ANALYZER_NONNULL = YES;
				CLANG_CXX_LANGUAGE_STANDARD = "gnu++0x";
				CLANG_CXX_LIBRARY = "libc++";
				CLANG_ENABLE_MODULES = YES;
				CLANG_ENABLE_OBJC_ARC = YES;
				CLANG_WARN_BOOL_CONVERSION = YES;
				CLANG_WARN_CONSTANT_CONVERSION = YES;
				CLANG_WARN_DIRECT_OBJC_ISA_USAGE = YES_ERROR;
				CLANG_WARN_DOCUMENTATION_COMMENTS = YES;
				CLANG_WARN_EMPTY_BODY = YES;
				CLANG_WARN_ENUM_CONVERSION = YES;
				CLANG_WARN_INFINITE_RECURSION = YES;
				CLANG_WARN_INT_CONVERSION = YES;
				CLANG_WARN_OBJC_ROOT_CLASS = YES_ERROR;
				CLANG_WARN_SUSPICIOUS_MOVES = YES;
				CLANG_WARN_UNREACHABLE_CODE = YES;
				CLANG_WARN__DUPLICATE_METHOD_MATCH = YES;
				"CODE_SIGN_IDENTITY[sdk=iphoneos*]" = "iPhone Developer";
				COPY_PHASE_STRIP = NO;
				DEBUG_INFORMATION_FORMAT = dwarf;
				ENABLE_STRICT_OBJC_MSGSEND = YES;
				ENABLE_TESTABILITY = YES;
				GCC_C_LANGUAGE_STANDARD = gnu99;
				GCC_DYNAMIC_NO_PIC = NO;
				GCC_NO_COMMON_BLOCKS = YES;
				GCC_OPTIMIZATION_LEVEL = 0;
				GCC_PREPROCESSOR_DEFINITIONS = (
					"DEBUG=1",
					"$(inherited)",
				);
				GCC_WARN_64_TO_32_BIT_CONVERSION = YES;
				GCC_WARN_ABOUT_RETURN_TYPE = YES_ERROR;
				GCC_WARN_UNDECLARED_SELECTOR = YES;
				GCC_WARN_UNINITIALIZED_AUTOS = YES_AGGRESSIVE;
				GCC_WARN_UNUSED_FUNCTION = YES;
				GCC_WARN_UNUSED_VARIABLE = YES;
				IPHONEOS_DEPLOYMENT_TARGET = 10.0;
				MTL_ENABLE_DEBUG_INFO = YES;
				ONLY_ACTIVE_ARCH = YES;
				SDKROOT = iphoneos;
				SWIFT_ACTIVE_COMPILATION_CONDITIONS = DEBUG;
				SWIFT_OPTIMIZATION_LEVEL = "-Onone";
				TARGETED_DEVICE_FAMILY = "1,2";
			};
			name = Debug;
		};
		3BD4E5B11DFF3ADB00619C39 /* Release */ = {
			isa = XCBuildConfiguration;
			buildSettings = {
				ALWAYS_SEARCH_USER_PATHS = NO;
				CLANG_ANALYZER_NONNULL = YES;
				CLANG_CXX_LANGUAGE_STANDARD = "gnu++0x";
				CLANG_CXX_LIBRARY = "libc++";
				CLANG_ENABLE_MODULES = YES;
				CLANG_ENABLE_OBJC_ARC = YES;
				CLANG_WARN_BOOL_CONVERSION = YES;
				CLANG_WARN_CONSTANT_CONVERSION = YES;
				CLANG_WARN_DIRECT_OBJC_ISA_USAGE = YES_ERROR;
				CLANG_WARN_DOCUMENTATION_COMMENTS = YES;
				CLANG_WARN_EMPTY_BODY = YES;
				CLANG_WARN_ENUM_CONVERSION = YES;
				CLANG_WARN_INFINITE_RECURSION = YES;
				CLANG_WARN_INT_CONVERSION = YES;
				CLANG_WARN_OBJC_ROOT_CLASS = YES_ERROR;
				CLANG_WARN_SUSPICIOUS_MOVES = YES;
				CLANG_WARN_UNREACHABLE_CODE = YES;
				CLANG_WARN__DUPLICATE_METHOD_MATCH = YES;
				"CODE_SIGN_IDENTITY[sdk=iphoneos*]" = "iPhone Developer";
				COPY_PHASE_STRIP = NO;
				DEBUG_INFORMATION_FORMAT = "dwarf-with-dsym";
				ENABLE_NS_ASSERTIONS = NO;
				ENABLE_STRICT_OBJC_MSGSEND = YES;
				GCC_C_LANGUAGE_STANDARD = gnu99;
				GCC_NO_COMMON_BLOCKS = YES;
				GCC_WARN_64_TO_32_BIT_CONVERSION = YES;
				GCC_WARN_ABOUT_RETURN_TYPE = YES_ERROR;
				GCC_WARN_UNDECLARED_SELECTOR = YES;
				GCC_WARN_UNINITIALIZED_AUTOS = YES_AGGRESSIVE;
				GCC_WARN_UNUSED_FUNCTION = YES;
				GCC_WARN_UNUSED_VARIABLE = YES;
				IPHONEOS_DEPLOYMENT_TARGET = 10.0;
				MTL_ENABLE_DEBUG_INFO = NO;
				SDKROOT = iphoneos;
				SWIFT_OPTIMIZATION_LEVEL = "-Owholemodule";
				TARGETED_DEVICE_FAMILY = "1,2";
				VALIDATE_PRODUCT = YES;
			};
			name = Release;
		};
		3BD4E5B31DFF3ADB00619C39 /* Debug */ = {
			isa = XCBuildConfiguration;
			baseConfigurationReference = 1504E43F3858CCF0D87883C6 /* Pods-lstr.debug.xcconfig */;
			buildSettings = {
				ASSETCATALOG_COMPILER_APPICON_NAME = AppIcon;
				CODE_SIGN_ENTITLEMENTS = lstr/lstr.entitlements;
				DEVELOPMENT_TEAM = 2TNDFYS6JC;
				INFOPLIST_FILE = lstr/Info.plist;
				LD_RUNPATH_SEARCH_PATHS = "$(inherited) @executable_path/Frameworks";
				PRODUCT_BUNDLE_IDENTIFIER = dekko.lstr;
				PRODUCT_NAME = "$(TARGET_NAME)";
				SWIFT_VERSION = 3.0;
			};
			name = Debug;
		};
		3BD4E5B41DFF3ADB00619C39 /* Release */ = {
			isa = XCBuildConfiguration;
			baseConfigurationReference = E5FDF84522A0DF43AAF14879 /* Pods-lstr.release.xcconfig */;
			buildSettings = {
				ASSETCATALOG_COMPILER_APPICON_NAME = AppIcon;
				CODE_SIGN_ENTITLEMENTS = lstr/lstr.entitlements;
				DEVELOPMENT_TEAM = 2TNDFYS6JC;
				INFOPLIST_FILE = lstr/Info.plist;
				LD_RUNPATH_SEARCH_PATHS = "$(inherited) @executable_path/Frameworks";
				PRODUCT_BUNDLE_IDENTIFIER = dekko.lstr;
				PRODUCT_NAME = "$(TARGET_NAME)";
				SWIFT_VERSION = 3.0;
			};
			name = Release;
		};
/* End XCBuildConfiguration section */

/* Begin XCConfigurationList section */
		3BD4E59B1DFF3ADB00619C39 /* Build configuration list for PBXProject "lstr" */ = {
			isa = XCConfigurationList;
			buildConfigurations = (
				3BD4E5B01DFF3ADB00619C39 /* Debug */,
				3BD4E5B11DFF3ADB00619C39 /* Release */,
			);
			defaultConfigurationIsVisible = 0;
			defaultConfigurationName = Release;
		};
		3BD4E5B21DFF3ADB00619C39 /* Build configuration list for PBXNativeTarget "lstr" */ = {
			isa = XCConfigurationList;
			buildConfigurations = (
				3BD4E5B31DFF3ADB00619C39 /* Debug */,
				3BD4E5B41DFF3ADB00619C39 /* Release */,
			);
			defaultConfigurationIsVisible = 0;
			defaultConfigurationName = Release;
		};
/* End XCConfigurationList section */
	};
	rootObject = 3BD4E5981DFF3ADB00619C39 /* Project object */;
}
